
Microsoft Visual Studio Solution File, Format Version 12.00
# Visual Studio Version 17
VisualStudioVersion = 17.7.34018.315
MinimumVisualStudioVersion = 10.0.40219.1
Project("{FAE04EC0-301F-11D3-BF4B-00C04F79EFBC}") = "MauiAnimations", "MauiAnimations\MauiAnimations.csproj", "{F154AC54-0006-4146-9331-7AA844D57A4F}"
EndProject
Global
	GlobalSection(SolutionConfigurationPlatforms) = preSolution
		Debug|Any CPU = Debug|Any CPU
		Release|Any CPU = Release|Any CPU
	EndGlobalSection
	GlobalSection(ProjectConfigurationPlatforms) = postSolution
		{F154AC54-0006-4146-9331-7AA844D57A4F}.Debug|Any CPU.ActiveCfg = Debug|Any CPU
		{F154AC54-0006-4146-9331-7AA844D57A4F}.Debug|Any CPU.Build.0 = Debug|Any CPU
		{F154AC54-0006-4146-9331-7AA844D57A4F}.Debug|Any CPU.Deploy.0 = Debug|Any CPU
		{F154AC54-0006-4146-9331-7AA844D57A4F}.Release|Any CPU.ActiveCfg = Release|Any CPU
		{F154AC54-0006-4146-9331-7AA844D57A4F}.Release|Any CPU.Build.0 = Release|Any CPU
		{F154AC54-0006-4146-9331-7AA844D57A4F}.Release|Any CPU.Deploy.0 = Release|Any CPU
	EndGlobalSection
	GlobalSection(SolutionProperties) = preSolution
		HideSolutionNode = FALSE
	EndGlobalSection
	GlobalSection(ExtensibilityGlobals) = postSolution
		SolutionGuid = {BEB90CDF-F41B-4C9B-946F-DE6E1436C484}
	EndGlobalSection
EndGlobal
